// !$*UTF8*$!
{
	archiveVersion = 1;
	classes = {
	};
	objectVersion = 51;
	objects = {

/* Begin PBXBuildFile section */
		1BD4CDAA865F31D22FDFDDDF /* Pods_XMTestTests.framework in Frameworks */ = {isa = PBXBuildFile; fileRef = 3072D18EFF9A07204F3A1DE0 /* Pods_XMTestTests.framework */; };
		745C0147244DACB5005D5796 /* QuestionsViewControllerTests.swift in Sources */ = {isa = PBXBuildFile; fileRef = 745C0146244DACB5005D5796 /* QuestionsViewControllerTests.swift */; };
		745C0149244DACE9005D5796 /* QuestionsView.swift in Sources */ = {isa = PBXBuildFile; fileRef = 745C0148244DACE9005D5796 /* QuestionsView.swift */; };
		745C014B244DAD89005D5796 /* BannerView.swift in Sources */ = {isa = PBXBuildFile; fileRef = 745C014A244DAD89005D5796 /* BannerView.swift */; };
		745C014D244DAE3B005D5796 /* WelcomView.swift in Sources */ = {isa = PBXBuildFile; fileRef = 745C014C244DAE3B005D5796 /* WelcomView.swift */; };
		7480D35C244B37E40001625E /* WelcomeViewModelTests.swift in Sources */ = {isa = PBXBuildFile; fileRef = 7480D35B244B37E40001625E /* WelcomeViewModelTests.swift */; };
		7480D35F244B6C2E0001625E /* Resource.swift in Sources */ = {isa = PBXBuildFile; fileRef = 7480D35E244B6C2E0001625E /* Resource.swift */; };
		7480D361244B6D9E0001625E /* Network.swift in Sources */ = {isa = PBXBuildFile; fileRef = 7480D360244B6D9E0001625E /* Network.swift */; };
		7480D363244B6FBF0001625E /* APIError.swift in Sources */ = {isa = PBXBuildFile; fileRef = 7480D362244B6FBF0001625E /* APIError.swift */; };
		7480D365244B76F80001625E /* World.swift in Sources */ = {isa = PBXBuildFile; fileRef = 7480D364244B76F80001625E /* World.swift */; };
		7480D367244B8A1E0001625E /* API.swift in Sources */ = {isa = PBXBuildFile; fileRef = 7480D366244B8A1E0001625E /* API.swift */; };
		7480D36A244B94780001625E /* APITests.swift in Sources */ = {isa = PBXBuildFile; fileRef = 7480D369244B94780001625E /* APITests.swift */; };
		7480D36D244C52FF0001625E /* QuestionsViewModel.swift in Sources */ = {isa = PBXBuildFile; fileRef = 7480D36C244C52FF0001625E /* QuestionsViewModel.swift */; };
		7480D36F244C7D3B0001625E /* QuestionsCoordinator.swift in Sources */ = {isa = PBXBuildFile; fileRef = 7480D36E244C7D3B0001625E /* QuestionsCoordinator.swift */; };
		7480D371244C7D4D0001625E /* WelcomeCoordinator.swift in Sources */ = {isa = PBXBuildFile; fileRef = 74880D97244A215000A9D676 /* WelcomeCoordinator.swift */; };
		7480D373244C7EF60001625E /* QuestionsViewController.swift in Sources */ = {isa = PBXBuildFile; fileRef = 7480D372244C7EF60001625E /* QuestionsViewController.swift */; };
		7480D376244D1E090001625E /* QuestionsViewModelTests.swift in Sources */ = {isa = PBXBuildFile; fileRef = 7480D375244D1E080001625E /* QuestionsViewModelTests.swift */; };
		74880D6C2449083200A9D676 /* AppDelegate.swift in Sources */ = {isa = PBXBuildFile; fileRef = 74880D6B2449083200A9D676 /* AppDelegate.swift */; };
		74880D6E2449083200A9D676 /* SceneDelegate.swift in Sources */ = {isa = PBXBuildFile; fileRef = 74880D6D2449083200A9D676 /* SceneDelegate.swift */; };
		74880D752449083200A9D676 /* Assets.xcassets in Resources */ = {isa = PBXBuildFile; fileRef = 74880D742449083200A9D676 /* Assets.xcassets */; };
		74880D782449083200A9D676 /* LaunchScreen.storyboard in Resources */ = {isa = PBXBuildFile; fileRef = 74880D762449083200A9D676 /* LaunchScreen.storyboard */; };
		74880D8F2449E3CD00A9D676 /* Coordinator.swift in Sources */ = {isa = PBXBuildFile; fileRef = 74880D8E2449E3CD00A9D676 /* Coordinator.swift */; };
		74880D912449E98900A9D676 /* AppCoordinator.swift in Sources */ = {isa = PBXBuildFile; fileRef = 74880D902449E98900A9D676 /* AppCoordinator.swift */; };
		74880D94244A0DC200A9D676 /* WelcomeViewModel.swift in Sources */ = {isa = PBXBuildFile; fileRef = 74880D93244A0DC200A9D676 /* WelcomeViewModel.swift */; };
		74880D96244A1D5000A9D676 /* AppState.swift in Sources */ = {isa = PBXBuildFile; fileRef = 74880D95244A1D5000A9D676 /* AppState.swift */; };
		74880D9A244A22AA00A9D676 /* WelcomeViewController.swift in Sources */ = {isa = PBXBuildFile; fileRef = 74880D99244A22AA00A9D676 /* WelcomeViewController.swift */; };
		74880D9C244A4F1900A9D676 /* With.swift in Sources */ = {isa = PBXBuildFile; fileRef = 74880D9B244A4F1900A9D676 /* With.swift */; };
		74880D9E244A530400A9D676 /* Command.swift in Sources */ = {isa = PBXBuildFile; fileRef = 74880D9D244A530400A9D676 /* Command.swift */; };
		74880DA0244A64B400A9D676 /* WelcomeViewControllerTests.swift in Sources */ = {isa = PBXBuildFile; fileRef = 74880D9F244A64B400A9D676 /* WelcomeViewControllerTests.swift */; };
		7490EAF3244B069100C48B78 /* main.swift in Sources */ = {isa = PBXBuildFile; fileRef = 7490EAF2244B069100C48B78 /* main.swift */; };
		7490EAF6244B0F9D00C48B78 /* Question.swift in Sources */ = {isa = PBXBuildFile; fileRef = 7490EAF5244B0F9D00C48B78 /* Question.swift */; };
		7490EAF8244B126700C48B78 /* Answer.swift in Sources */ = {isa = PBXBuildFile; fileRef = 7490EAF7244B126700C48B78 /* Answer.swift */; };
		EDE8F0A408148E285A6C3CE2 /* Pods_XMTest.framework in Frameworks */ = {isa = PBXBuildFile; fileRef = 0039B1C2F6BF27E739647A69 /* Pods_XMTest.framework */; };
/* End PBXBuildFile section */

/* Begin PBXContainerItemProxy section */
		74880D7F2449083200A9D676 /* PBXContainerItemProxy */ = {
			isa = PBXContainerItemProxy;
			containerPortal = 74880D602449083200A9D676 /* Project object */;
			proxyType = 1;
			remoteGlobalIDString = 74880D672449083200A9D676;
			remoteInfo = XMTest;
		};
/* End PBXContainerItemProxy section */

/* Begin PBXFileReference section */
		0039B1C2F6BF27E739647A69 /* Pods_XMTest.framework */ = {isa = PBXFileReference; explicitFileType = wrapper.framework; includeInIndex = 0; path = Pods_XMTest.framework; sourceTree = BUILT_PRODUCTS_DIR; };
		12DC2F5DD0B344714F9A439D /* Pods-XMTestTests.debug.xcconfig */ = {isa = PBXFileReference; includeInIndex = 1; lastKnownFileType = text.xcconfig; name = "Pods-XMTestTests.debug.xcconfig"; path = "Target Support Files/Pods-XMTestTests/Pods-XMTestTests.debug.xcconfig"; sourceTree = "<group>"; };
		3072D18EFF9A07204F3A1DE0 /* Pods_XMTestTests.framework */ = {isa = PBXFileReference; explicitFileType = wrapper.framework; includeInIndex = 0; path = Pods_XMTestTests.framework; sourceTree = BUILT_PRODUCTS_DIR; };
		41868DDB54AAA2BAC11395DB /* Pods-XMTest.release.xcconfig */ = {isa = PBXFileReference; includeInIndex = 1; lastKnownFileType = text.xcconfig; name = "Pods-XMTest.release.xcconfig"; path = "Target Support Files/Pods-XMTest/Pods-XMTest.release.xcconfig"; sourceTree = "<group>"; };
		745C0146244DACB5005D5796 /* QuestionsViewControllerTests.swift */ = {isa = PBXFileReference; lastKnownFileType = sourcecode.swift; path = QuestionsViewControllerTests.swift; sourceTree = "<group>"; };
		745C0148244DACE9005D5796 /* QuestionsView.swift */ = {isa = PBXFileReference; lastKnownFileType = sourcecode.swift; path = QuestionsView.swift; sourceTree = "<group>"; };
		745C014A244DAD89005D5796 /* BannerView.swift */ = {isa = PBXFileReference; lastKnownFileType = sourcecode.swift; path = BannerView.swift; sourceTree = "<group>"; };
		745C014C244DAE3B005D5796 /* WelcomView.swift */ = {isa = PBXFileReference; lastKnownFileType = sourcecode.swift; path = WelcomView.swift; sourceTree = "<group>"; };
		7480D35B244B37E40001625E /* WelcomeViewModelTests.swift */ = {isa = PBXFileReference; lastKnownFileType = sourcecode.swift; path = WelcomeViewModelTests.swift; sourceTree = "<group>"; };
		7480D35E244B6C2E0001625E /* Resource.swift */ = {isa = PBXFileReference; lastKnownFileType = sourcecode.swift; path = Resource.swift; sourceTree = "<group>"; };
		7480D360244B6D9E0001625E /* Network.swift */ = {isa = PBXFileReference; lastKnownFileType = sourcecode.swift; path = Network.swift; sourceTree = "<group>"; };
		7480D362244B6FBF0001625E /* APIError.swift */ = {isa = PBXFileReference; lastKnownFileType = sourcecode.swift; path = APIError.swift; sourceTree = "<group>"; };
		7480D364244B76F80001625E /* World.swift */ = {isa = PBXFileReference; lastKnownFileType = sourcecode.swift; path = World.swift; sourceTree = "<group>"; };
		7480D366244B8A1E0001625E /* API.swift */ = {isa = PBXFileReference; lastKnownFileType = sourcecode.swift; path = API.swift; sourceTree = "<group>"; };
		7480D369244B94780001625E /* APITests.swift */ = {isa = PBXFileReference; lastKnownFileType = sourcecode.swift; path = APITests.swift; sourceTree = "<group>"; };
		7480D36C244C52FF0001625E /* QuestionsViewModel.swift */ = {isa = PBXFileReference; lastKnownFileType = sourcecode.swift; path = QuestionsViewModel.swift; sourceTree = "<group>"; };
		7480D36E244C7D3B0001625E /* QuestionsCoordinator.swift */ = {isa = PBXFileReference; lastKnownFileType = sourcecode.swift; path = QuestionsCoordinator.swift; sourceTree = "<group>"; };
		7480D372244C7EF60001625E /* QuestionsViewController.swift */ = {isa = PBXFileReference; lastKnownFileType = sourcecode.swift; path = QuestionsViewController.swift; sourceTree = "<group>"; };
		7480D375244D1E080001625E /* QuestionsViewModelTests.swift */ = {isa = PBXFileReference; lastKnownFileType = sourcecode.swift; path = QuestionsViewModelTests.swift; sourceTree = "<group>"; };
		74880D682449083200A9D676 /* XMTest.app */ = {isa = PBXFileReference; explicitFileType = wrapper.application; includeInIndex = 0; path = XMTest.app; sourceTree = BUILT_PRODUCTS_DIR; };
		74880D6B2449083200A9D676 /* AppDelegate.swift */ = {isa = PBXFileReference; lastKnownFileType = sourcecode.swift; path = AppDelegate.swift; sourceTree = "<group>"; };
		74880D6D2449083200A9D676 /* SceneDelegate.swift */ = {isa = PBXFileReference; lastKnownFileType = sourcecode.swift; path = SceneDelegate.swift; sourceTree = "<group>"; };
		74880D742449083200A9D676 /* Assets.xcassets */ = {isa = PBXFileReference; lastKnownFileType = folder.assetcatalog; path = Assets.xcassets; sourceTree = "<group>"; };
		74880D772449083200A9D676 /* Base */ = {isa = PBXFileReference; lastKnownFileType = file.storyboard; name = Base; path = Base.lproj/LaunchScreen.storyboard; sourceTree = "<group>"; };
		74880D792449083200A9D676 /* Info.plist */ = {isa = PBXFileReference; lastKnownFileType = text.plist.xml; path = Info.plist; sourceTree = "<group>"; };
		74880D7E2449083200A9D676 /* XMTestTests.xctest */ = {isa = PBXFileReference; explicitFileType = wrapper.cfbundle; includeInIndex = 0; path = XMTestTests.xctest; sourceTree = BUILT_PRODUCTS_DIR; };
		74880D842449083200A9D676 /* Info.plist */ = {isa = PBXFileReference; lastKnownFileType = text.plist.xml; path = Info.plist; sourceTree = "<group>"; };
		74880D8E2449E3CD00A9D676 /* Coordinator.swift */ = {isa = PBXFileReference; lastKnownFileType = sourcecode.swift; path = Coordinator.swift; sourceTree = "<group>"; };
		74880D902449E98900A9D676 /* AppCoordinator.swift */ = {isa = PBXFileReference; lastKnownFileType = sourcecode.swift; path = AppCoordinator.swift; sourceTree = "<group>"; };
		74880D93244A0DC200A9D676 /* WelcomeViewModel.swift */ = {isa = PBXFileReference; lastKnownFileType = sourcecode.swift; path = WelcomeViewModel.swift; sourceTree = "<group>"; };
		74880D95244A1D5000A9D676 /* AppState.swift */ = {isa = PBXFileReference; lastKnownFileType = sourcecode.swift; path = AppState.swift; sourceTree = "<group>"; };
		74880D97244A215000A9D676 /* WelcomeCoordinator.swift */ = {isa = PBXFileReference; lastKnownFileType = sourcecode.swift; path = WelcomeCoordinator.swift; sourceTree = "<group>"; };
		74880D99244A22AA00A9D676 /* WelcomeViewController.swift */ = {isa = PBXFileReference; lastKnownFileType = sourcecode.swift; path = WelcomeViewController.swift; sourceTree = "<group>"; };
		74880D9B244A4F1900A9D676 /* With.swift */ = {isa = PBXFileReference; lastKnownFileType = sourcecode.swift; path = With.swift; sourceTree = "<group>"; };
		74880D9D244A530400A9D676 /* Command.swift */ = {isa = PBXFileReference; lastKnownFileType = sourcecode.swift; path = Command.swift; sourceTree = "<group>"; };
		74880D9F244A64B400A9D676 /* WelcomeViewControllerTests.swift */ = {isa = PBXFileReference; lastKnownFileType = sourcecode.swift; path = WelcomeViewControllerTests.swift; sourceTree = "<group>"; };
		7490EAF2244B069100C48B78 /* main.swift */ = {isa = PBXFileReference; lastKnownFileType = sourcecode.swift; path = main.swift; sourceTree = "<group>"; };
		7490EAF5244B0F9D00C48B78 /* Question.swift */ = {isa = PBXFileReference; lastKnownFileType = sourcecode.swift; path = Question.swift; sourceTree = "<group>"; };
		7490EAF7244B126700C48B78 /* Answer.swift */ = {isa = PBXFileReference; lastKnownFileType = sourcecode.swift; path = Answer.swift; sourceTree = "<group>"; };
		97AFDE1174D44EEC4D980023 /* Pods-XMTestTests.release.xcconfig */ = {isa = PBXFileReference; includeInIndex = 1; lastKnownFileType = text.xcconfig; name = "Pods-XMTestTests.release.xcconfig"; path = "Target Support Files/Pods-XMTestTests/Pods-XMTestTests.release.xcconfig"; sourceTree = "<group>"; };
		DC4EFE8F173F45F0F2D58EC9 /* Pods-XMTest.debug.xcconfig */ = {isa = PBXFileReference; includeInIndex = 1; lastKnownFileType = text.xcconfig; name = "Pods-XMTest.debug.xcconfig"; path = "Target Support Files/Pods-XMTest/Pods-XMTest.debug.xcconfig"; sourceTree = "<group>"; };
/* End PBXFileReference section */

/* Begin PBXFrameworksBuildPhase section */
		74880D652449083200A9D676 /* Frameworks */ = {
			isa = PBXFrameworksBuildPhase;
			buildActionMask = 2147483647;
			files = (
				EDE8F0A408148E285A6C3CE2 /* Pods_XMTest.framework in Frameworks */,
			);
			runOnlyForDeploymentPostprocessing = 0;
		};
		74880D7B2449083200A9D676 /* Frameworks */ = {
			isa = PBXFrameworksBuildPhase;
			buildActionMask = 2147483647;
			files = (
				1BD4CDAA865F31D22FDFDDDF /* Pods_XMTestTests.framework in Frameworks */,
			);
			runOnlyForDeploymentPostprocessing = 0;
		};
/* End PBXFrameworksBuildPhase section */

/* Begin PBXGroup section */
		7186CEBE9E3E2F411B117776 /* Frameworks */ = {
			isa = PBXGroup;
			children = (
				0039B1C2F6BF27E739647A69 /* Pods_XMTest.framework */,
				3072D18EFF9A07204F3A1DE0 /* Pods_XMTestTests.framework */,
			);
			name = Frameworks;
			sourceTree = "<group>";
		};
		7480D35A244B37B10001625E /* Tests */ = {
			isa = PBXGroup;
			children = (
				74880D9F244A64B400A9D676 /* WelcomeViewControllerTests.swift */,
				7480D35B244B37E40001625E /* WelcomeViewModelTests.swift */,
			);
			path = Tests;
			sourceTree = "<group>";
		};
		7480D35D244B6BE80001625E /* Networking */ = {
			isa = PBXGroup;
			children = (
				7480D35E244B6C2E0001625E /* Resource.swift */,
				7480D360244B6D9E0001625E /* Network.swift */,
			);
			path = Networking;
			sourceTree = "<group>";
		};
		7480D368244B945C0001625E /* Tests */ = {
			isa = PBXGroup;
			children = (
				7480D369244B94780001625E /* APITests.swift */,
			);
			path = Tests;
			sourceTree = "<group>";
		};
		7480D36B244C52CC0001625E /* Questions */ = {
			isa = PBXGroup;
			children = (
				7480D374244D1D560001625E /* Tests */,
				7480D36E244C7D3B0001625E /* QuestionsCoordinator.swift */,
				7480D36C244C52FF0001625E /* QuestionsViewModel.swift */,
				7480D372244C7EF60001625E /* QuestionsViewController.swift */,
				745C0148244DACE9005D5796 /* QuestionsView.swift */,
				745C014A244DAD89005D5796 /* BannerView.swift */,
			);
			path = Questions;
			sourceTree = "<group>";
		};
		7480D374244D1D560001625E /* Tests */ = {
			isa = PBXGroup;
			children = (
				7480D375244D1E080001625E /* QuestionsViewModelTests.swift */,
				745C0146244DACB5005D5796 /* QuestionsViewControllerTests.swift */,
			);
			path = Tests;
			sourceTree = "<group>";
		};
		74880D5F2449083200A9D676 = {
			isa = PBXGroup;
			children = (
				74880D6A2449083200A9D676 /* XMTest */,
				74880D812449083200A9D676 /* XMTestTests */,
				74880D692449083200A9D676 /* Products */,
				D76B87090A624046C89DD401 /* Pods */,
				7186CEBE9E3E2F411B117776 /* Frameworks */,
			);
			sourceTree = "<group>";
		};
		74880D692449083200A9D676 /* Products */ = {
			isa = PBXGroup;
			children = (
				74880D682449083200A9D676 /* XMTest.app */,
				74880D7E2449083200A9D676 /* XMTestTests.xctest */,
			);
			name = Products;
			sourceTree = "<group>";
		};
		74880D6A2449083200A9D676 /* XMTest */ = {
			isa = PBXGroup;
			children = (
				7480D35D244B6BE80001625E /* Networking */,
				7490EAF9244B15AD00C48B78 /* Core */,
				7490EAF4244B0F7200C48B78 /* Models */,
				74880D92244A0C9200A9D676 /* Welcome */,
				7480D36B244C52CC0001625E /* Questions */,
				74880D95244A1D5000A9D676 /* AppState.swift */,
				74880D6B2449083200A9D676 /* AppDelegate.swift */,
				74880D902449E98900A9D676 /* AppCoordinator.swift */,
				74880D6D2449083200A9D676 /* SceneDelegate.swift */,
				7490EAF2244B069100C48B78 /* main.swift */,
				74880D742449083200A9D676 /* Assets.xcassets */,
				74880D762449083200A9D676 /* LaunchScreen.storyboard */,
				74880D792449083200A9D676 /* Info.plist */,
			);
			path = XMTest;
			sourceTree = "<group>";
		};
		74880D812449083200A9D676 /* XMTestTests */ = {
			isa = PBXGroup;
			children = (
				74880D842449083200A9D676 /* Info.plist */,
			);
			path = XMTestTests;
			sourceTree = "<group>";
		};
		74880D92244A0C9200A9D676 /* Welcome */ = {
			isa = PBXGroup;
			children = (
				7480D35A244B37B10001625E /* Tests */,
				74880D97244A215000A9D676 /* WelcomeCoordinator.swift */,
				74880D93244A0DC200A9D676 /* WelcomeViewModel.swift */,
				74880D99244A22AA00A9D676 /* WelcomeViewController.swift */,
				745C014C244DAE3B005D5796 /* WelcomView.swift */,
			);
			path = Welcome;
			sourceTree = "<group>";
		};
		7490EAF4244B0F7200C48B78 /* Models */ = {
			isa = PBXGroup;
			children = (
				7490EAF5244B0F9D00C48B78 /* Question.swift */,
				7490EAF7244B126700C48B78 /* Answer.swift */,
			);
			path = Models;
			sourceTree = "<group>";
		};
		7490EAF9244B15AD00C48B78 /* Core */ = {
			isa = PBXGroup;
			children = (
				7480D368244B945C0001625E /* Tests */,
				74880D8E2449E3CD00A9D676 /* Coordinator.swift */,
				74880D9D244A530400A9D676 /* Command.swift */,
				74880D9B244A4F1900A9D676 /* With.swift */,
				7480D362244B6FBF0001625E /* APIError.swift */,
				7480D364244B76F80001625E /* World.swift */,
				7480D366244B8A1E0001625E /* API.swift */,
			);
			path = Core;
			sourceTree = "<group>";
		};
		D76B87090A624046C89DD401 /* Pods */ = {
			isa = PBXGroup;
			children = (
				DC4EFE8F173F45F0F2D58EC9 /* Pods-XMTest.debug.xcconfig */,
				41868DDB54AAA2BAC11395DB /* Pods-XMTest.release.xcconfig */,
				12DC2F5DD0B344714F9A439D /* Pods-XMTestTests.debug.xcconfig */,
				97AFDE1174D44EEC4D980023 /* Pods-XMTestTests.release.xcconfig */,
			);
			path = Pods;
			sourceTree = "<group>";
		};
/* End PBXGroup section */

/* Begin PBXNativeTarget section */
		74880D672449083200A9D676 /* XMTest */ = {
			isa = PBXNativeTarget;
			buildConfigurationList = 74880D872449083200A9D676 /* Build configuration list for PBXNativeTarget "XMTest" */;
			buildPhases = (
				288026EFD7CE437E834131FA /* [CP] Check Pods Manifest.lock */,
				74880D642449083200A9D676 /* Sources */,
				74880D652449083200A9D676 /* Frameworks */,
				74880D662449083200A9D676 /* Resources */,
				5F391A1C1103FA4E53BAEBBB /* [CP] Embed Pods Frameworks */,
			);
			buildRules = (
			);
			dependencies = (
			);
			name = XMTest;
			productName = XMTest;
			productReference = 74880D682449083200A9D676 /* XMTest.app */;
			productType = "com.apple.product-type.application";
		};
		74880D7D2449083200A9D676 /* XMTestTests */ = {
			isa = PBXNativeTarget;
			buildConfigurationList = 74880D8A2449083200A9D676 /* Build configuration list for PBXNativeTarget "XMTestTests" */;
			buildPhases = (
				C1A13EC06BC0042047D85E64 /* [CP] Check Pods Manifest.lock */,
				74880D7A2449083200A9D676 /* Sources */,
				74880D7B2449083200A9D676 /* Frameworks */,
				74880D7C2449083200A9D676 /* Resources */,
				E33C17EE0B3CAE5E2AB560C2 /* [CP] Embed Pods Frameworks */,
			);
			buildRules = (
			);
			dependencies = (
				74880D802449083200A9D676 /* PBXTargetDependency */,
			);
			name = XMTestTests;
			productName = XMTestTests;
			productReference = 74880D7E2449083200A9D676 /* XMTestTests.xctest */;
			productType = "com.apple.product-type.bundle.unit-test";
		};
/* End PBXNativeTarget section */

/* Begin PBXProject section */
		74880D602449083200A9D676 /* Project object */ = {
			isa = PBXProject;
			attributes = {
				LastSwiftUpdateCheck = 1140;
				LastUpgradeCheck = 1140;
				ORGANIZATIONNAME = "Michael Brown";
				TargetAttributes = {
					74880D672449083200A9D676 = {
						CreatedOnToolsVersion = 11.4;
					};
					74880D7D2449083200A9D676 = {
						CreatedOnToolsVersion = 11.4;
						TestTargetID = 74880D672449083200A9D676;
					};
				};
			};
			buildConfigurationList = 74880D632449083200A9D676 /* Build configuration list for PBXProject "XMTest" */;
			compatibilityVersion = "Xcode 9.3";
			developmentRegion = en;
			hasScannedForEncodings = 0;
			knownRegions = (
				en,
				Base,
			);
			mainGroup = 74880D5F2449083200A9D676;
			productRefGroup = 74880D692449083200A9D676 /* Products */;
			projectDirPath = "";
			projectRoot = "";
			targets = (
				74880D672449083200A9D676 /* XMTest */,
				74880D7D2449083200A9D676 /* XMTestTests */,
			);
		};
/* End PBXProject section */

/* Begin PBXResourcesBuildPhase section */
		74880D662449083200A9D676 /* Resources */ = {
			isa = PBXResourcesBuildPhase;
			buildActionMask = 2147483647;
			files = (
				74880D782449083200A9D676 /* LaunchScreen.storyboard in Resources */,
				74880D752449083200A9D676 /* Assets.xcassets in Resources */,
			);
			runOnlyForDeploymentPostprocessing = 0;
		};
		74880D7C2449083200A9D676 /* Resources */ = {
			isa = PBXResourcesBuildPhase;
			buildActionMask = 2147483647;
			files = (
			);
			runOnlyForDeploymentPostprocessing = 0;
		};
/* End PBXResourcesBuildPhase section */

/* Begin PBXShellScriptBuildPhase section */
		288026EFD7CE437E834131FA /* [CP] Check Pods Manifest.lock */ = {
			isa = PBXShellScriptBuildPhase;
			buildActionMask = 2147483647;
			files = (
			);
			inputFileListPaths = (
			);
			inputPaths = (
				"${PODS_PODFILE_DIR_PATH}/Podfile.lock",
				"${PODS_ROOT}/Manifest.lock",
			);
			name = "[CP] Check Pods Manifest.lock";
			outputFileListPaths = (
			);
			outputPaths = (
				"$(DERIVED_FILE_DIR)/Pods-XMTest-checkManifestLockResult.txt",
			);
			runOnlyForDeploymentPostprocessing = 0;
			shellPath = /bin/sh;
			shellScript = "diff \"${PODS_PODFILE_DIR_PATH}/Podfile.lock\" \"${PODS_ROOT}/Manifest.lock\" > /dev/null\nif [ $? != 0 ] ; then\n    # print error to STDERR\n    echo \"error: The sandbox is not in sync with the Podfile.lock. Run 'pod install' or update your CocoaPods installation.\" >&2\n    exit 1\nfi\n# This output is used by Xcode 'outputs' to avoid re-running this script phase.\necho \"SUCCESS\" > \"${SCRIPT_OUTPUT_FILE_0}\"\n";
			showEnvVarsInLog = 0;
		};
		5F391A1C1103FA4E53BAEBBB /* [CP] Embed Pods Frameworks */ = {
			isa = PBXShellScriptBuildPhase;
			buildActionMask = 2147483647;
			files = (
			);
			inputFileListPaths = (
				"${PODS_ROOT}/Target Support Files/Pods-XMTest/Pods-XMTest-frameworks-${CONFIGURATION}-input-files.xcfilelist",
			);
			name = "[CP] Embed Pods Frameworks";
			outputFileListPaths = (
				"${PODS_ROOT}/Target Support Files/Pods-XMTest/Pods-XMTest-frameworks-${CONFIGURATION}-output-files.xcfilelist",
			);
			runOnlyForDeploymentPostprocessing = 0;
			shellPath = /bin/sh;
			shellScript = "\"${PODS_ROOT}/Target Support Files/Pods-XMTest/Pods-XMTest-frameworks.sh\"\n";
			showEnvVarsInLog = 0;
		};
		C1A13EC06BC0042047D85E64 /* [CP] Check Pods Manifest.lock */ = {
			isa = PBXShellScriptBuildPhase;
			buildActionMask = 2147483647;
			files = (
			);
			inputFileListPaths = (
			);
			inputPaths = (
				"${PODS_PODFILE_DIR_PATH}/Podfile.lock",
				"${PODS_ROOT}/Manifest.lock",
			);
			name = "[CP] Check Pods Manifest.lock";
			outputFileListPaths = (
			);
			outputPaths = (
				"$(DERIVED_FILE_DIR)/Pods-XMTestTests-checkManifestLockResult.txt",
			);
			runOnlyForDeploymentPostprocessing = 0;
			shellPath = /bin/sh;
			shellScript = "diff \"${PODS_PODFILE_DIR_PATH}/Podfile.lock\" \"${PODS_ROOT}/Manifest.lock\" > /dev/null\nif [ $? != 0 ] ; then\n    # print error to STDERR\n    echo \"error: The sandbox is not in sync with the Podfile.lock. Run 'pod install' or update your CocoaPods installation.\" >&2\n    exit 1\nfi\n# This output is used by Xcode 'outputs' to avoid re-running this script phase.\necho \"SUCCESS\" > \"${SCRIPT_OUTPUT_FILE_0}\"\n";
			showEnvVarsInLog = 0;
		};
		E33C17EE0B3CAE5E2AB560C2 /* [CP] Embed Pods Frameworks */ = {
			isa = PBXShellScriptBuildPhase;
			buildActionMask = 2147483647;
			files = (
			);
			inputFileListPaths = (
				"${PODS_ROOT}/Target Support Files/Pods-XMTestTests/Pods-XMTestTests-frameworks-${CONFIGURATION}-input-files.xcfilelist",
			);
			name = "[CP] Embed Pods Frameworks";
			outputFileListPaths = (
				"${PODS_ROOT}/Target Support Files/Pods-XMTestTests/Pods-XMTestTests-frameworks-${CONFIGURATION}-output-files.xcfilelist",
			);
			runOnlyForDeploymentPostprocessing = 0;
			shellPath = /bin/sh;
			shellScript = "\"${PODS_ROOT}/Target Support Files/Pods-XMTestTests/Pods-XMTestTests-frameworks.sh\"\n";
			showEnvVarsInLog = 0;
		};
/* End PBXShellScriptBuildPhase section */

/* Begin PBXSourcesBuildPhase section */
		74880D642449083200A9D676 /* Sources */ = {
			isa = PBXSourcesBuildPhase;
			buildActionMask = 2147483647;
			files = (
				7480D36F244C7D3B0001625E /* QuestionsCoordinator.swift in Sources */,
				74880D9A244A22AA00A9D676 /* WelcomeViewController.swift in Sources */,
				7480D365244B76F80001625E /* World.swift in Sources */,
				74880D912449E98900A9D676 /* AppCoordinator.swift in Sources */,
				745C0149244DACE9005D5796 /* QuestionsView.swift in Sources */,
				745C014D244DAE3B005D5796 /* WelcomView.swift in Sources */,
				7490EAF3244B069100C48B78 /* main.swift in Sources */,
				7490EAF8244B126700C48B78 /* Answer.swift in Sources */,
				74880D94244A0DC200A9D676 /* WelcomeViewModel.swift in Sources */,
				7480D371244C7D4D0001625E /* WelcomeCoordinator.swift in Sources */,
				7480D373244C7EF60001625E /* QuestionsViewController.swift in Sources */,
				7480D361244B6D9E0001625E /* Network.swift in Sources */,
				7480D36D244C52FF0001625E /* QuestionsViewModel.swift in Sources */,
				74880D96244A1D5000A9D676 /* AppState.swift in Sources */,
				745C014B244DAD89005D5796 /* BannerView.swift in Sources */,
				74880D9C244A4F1900A9D676 /* With.swift in Sources */,
				74880D8F2449E3CD00A9D676 /* Coordinator.swift in Sources */,
				7490EAF6244B0F9D00C48B78 /* Question.swift in Sources */,
				74880D6C2449083200A9D676 /* AppDelegate.swift in Sources */,
				74880D9E244A530400A9D676 /* Command.swift in Sources */,
				7480D363244B6FBF0001625E /* APIError.swift in Sources */,
				74880D6E2449083200A9D676 /* SceneDelegate.swift in Sources */,
				7480D367244B8A1E0001625E /* API.swift in Sources */,
				7480D35F244B6C2E0001625E /* Resource.swift in Sources */,
			);
			runOnlyForDeploymentPostprocessing = 0;
		};
		74880D7A2449083200A9D676 /* Sources */ = {
			isa = PBXSourcesBuildPhase;
			buildActionMask = 2147483647;
			files = (
				74880DA0244A64B400A9D676 /* WelcomeViewControllerTests.swift in Sources */,
				7480D35C244B37E40001625E /* WelcomeViewModelTests.swift in Sources */,
				7480D376244D1E090001625E /* QuestionsViewModelTests.swift in Sources */,
				745C0147244DACB5005D5796 /* QuestionsViewControllerTests.swift in Sources */,
				7480D36A244B94780001625E /* APITests.swift in Sources */,
			);
			runOnlyForDeploymentPostprocessing = 0;
		};
/* End PBXSourcesBuildPhase section */

/* Begin PBXTargetDependency section */
		74880D802449083200A9D676 /* PBXTargetDependency */ = {
			isa = PBXTargetDependency;
			target = 74880D672449083200A9D676 /* XMTest */;
			targetProxy = 74880D7F2449083200A9D676 /* PBXContainerItemProxy */;
		};
/* End PBXTargetDependency section */

/* Begin PBXVariantGroup section */
		74880D762449083200A9D676 /* LaunchScreen.storyboard */ = {
			isa = PBXVariantGroup;
			children = (
				74880D772449083200A9D676 /* Base */,
			);
			name = LaunchScreen.storyboard;
			sourceTree = "<group>";
		};
/* End PBXVariantGroup section */

/* Begin XCBuildConfiguration section */
		74880D852449083200A9D676 /* Debug */ = {
			isa = XCBuildConfiguration;
			buildSettings = {
				ALWAYS_SEARCH_USER_PATHS = NO;
				CLANG_ANALYZER_NONNULL = YES;
				CLANG_ANALYZER_NUMBER_OBJECT_CONVERSION = YES_AGGRESSIVE;
				CLANG_CXX_LANGUAGE_STANDARD = "gnu++14";
				CLANG_CXX_LIBRARY = "libc++";
				CLANG_ENABLE_MODULES = YES;
				CLANG_ENABLE_OBJC_ARC = YES;
				CLANG_ENABLE_OBJC_WEAK = YES;
				CLANG_WARN_BLOCK_CAPTURE_AUTORELEASING = YES;
				CLANG_WARN_BOOL_CONVERSION = YES;
				CLANG_WARN_COMMA = YES;
				CLANG_WARN_CONSTANT_CONVERSION = YES;
				CLANG_WARN_DEPRECATED_OBJC_IMPLEMENTATIONS = YES;
				CLANG_WARN_DIRECT_OBJC_ISA_USAGE = YES_ERROR;
				CLANG_WARN_DOCUMENTATION_COMMENTS = YES;
				CLANG_WARN_EMPTY_BODY = YES;
				CLANG_WARN_ENUM_CONVERSION = YES;
				CLANG_WARN_INFINITE_RECURSION = YES;
				CLANG_WARN_INT_CONVERSION = YES;
				CLANG_WARN_NON_LITERAL_NULL_CONVERSION = YES;
				CLANG_WARN_OBJC_IMPLICIT_RETAIN_SELF = YES;
				CLANG_WARN_OBJC_LITERAL_CONVERSION = YES;
				CLANG_WARN_OBJC_ROOT_CLASS = YES_ERROR;
				CLANG_WARN_RANGE_LOOP_ANALYSIS = YES;
				CLANG_WARN_STRICT_PROTOTYPES = YES;
				CLANG_WARN_SUSPICIOUS_MOVE = YES;
				CLANG_WARN_UNGUARDED_AVAILABILITY = YES_AGGRESSIVE;
				CLANG_WARN_UNREACHABLE_CODE = YES;
				CLANG_WARN__DUPLICATE_METHOD_MATCH = YES;
				COPY_PHASE_STRIP = NO;
				DEBUG_INFORMATION_FORMAT = dwarf;
				ENABLE_STRICT_OBJC_MSGSEND = YES;
				ENABLE_TESTABILITY = YES;
				GCC_C_LANGUAGE_STANDARD = gnu11;
				GCC_DYNAMIC_NO_PIC = NO;
				GCC_NO_COMMON_BLOCKS = YES;
				GCC_OPTIMIZATION_LEVEL = 0;
				GCC_PREPROCESSOR_DEFINITIONS = (
					"DEBUG=1",
					"$(inherited)",
				);
				GCC_WARN_64_TO_32_BIT_CONVERSION = YES;
				GCC_WARN_ABOUT_RETURN_TYPE = YES_ERROR;
				GCC_WARN_UNDECLARED_SELECTOR = YES;
				GCC_WARN_UNINITIALIZED_AUTOS = YES_AGGRESSIVE;
				GCC_WARN_UNUSED_FUNCTION = YES;
				GCC_WARN_UNUSED_VARIABLE = YES;
				IPHONEOS_DEPLOYMENT_TARGET = 13.4;
				MTL_ENABLE_DEBUG_INFO = INCLUDE_SOURCE;
				MTL_FAST_MATH = YES;
				ONLY_ACTIVE_ARCH = YES;
				SDKROOT = iphoneos;
				SWIFT_ACTIVE_COMPILATION_CONDITIONS = DEBUG;
				SWIFT_OPTIMIZATION_LEVEL = "-Onone";
			};
			name = Debug;
		};
		74880D862449083200A9D676 /* Release */ = {
			isa = XCBuildConfiguration;
			buildSettings = {
				ALWAYS_SEARCH_USER_PATHS = NO;
				CLANG_ANALYZER_NONNULL = YES;
				CLANG_ANALYZER_NUMBER_OBJECT_CONVERSION = YES_AGGRESSIVE;
				CLANG_CXX_LANGUAGE_STANDARD = "gnu++14";
				CLANG_CXX_LIBRARY = "libc++";
				CLANG_ENABLE_MODULES = YES;
				CLANG_ENABLE_OBJC_ARC = YES;
				CLANG_ENABLE_OBJC_WEAK = YES;
				CLANG_WARN_BLOCK_CAPTURE_AUTORELEASING = YES;
				CLANG_WARN_BOOL_CONVERSION = YES;
				CLANG_WARN_COMMA = YES;
				CLANG_WARN_CONSTANT_CONVERSION = YES;
				CLANG_WARN_DEPRECATED_OBJC_IMPLEMENTATIONS = YES;
				CLANG_WARN_DIRECT_OBJC_ISA_USAGE = YES_ERROR;
				CLANG_WARN_DOCUMENTATION_COMMENTS = YES;
				CLANG_WARN_EMPTY_BODY = YES;
				CLANG_WARN_ENUM_CONVERSION = YES;
				CLANG_WARN_INFINITE_RECURSION = YES;
				CLANG_WARN_INT_CONVERSION = YES;
				CLANG_WARN_NON_LITERAL_NULL_CONVERSION = YES;
				CLANG_WARN_OBJC_IMPLICIT_RETAIN_SELF = YES;
				CLANG_WARN_OBJC_LITERAL_CONVERSION = YES;
				CLANG_WARN_OBJC_ROOT_CLASS = YES_ERROR;
				CLANG_WARN_RANGE_LOOP_ANALYSIS = YES;
				CLANG_WARN_STRICT_PROTOTYPES = YES;
				CLANG_WARN_SUSPICIOUS_MOVE = YES;
				CLANG_WARN_UNGUARDED_AVAILABILITY = YES_AGGRESSIVE;
				CLANG_WARN_UNREACHABLE_CODE = YES;
				CLANG_WARN__DUPLICATE_METHOD_MATCH = YES;
				COPY_PHASE_STRIP = NO;
				DEBUG_INFORMATION_FORMAT = "dwarf-with-dsym";
				ENABLE_NS_ASSERTIONS = NO;
				ENABLE_STRICT_OBJC_MSGSEND = YES;
				GCC_C_LANGUAGE_STANDARD = gnu11;
				GCC_NO_COMMON_BLOCKS = YES;
				GCC_WARN_64_TO_32_BIT_CONVERSION = YES;
				GCC_WARN_ABOUT_RETURN_TYPE = YES_ERROR;
				GCC_WARN_UNDECLARED_SELECTOR = YES;
				GCC_WARN_UNINITIALIZED_AUTOS = YES_AGGRESSIVE;
				GCC_WARN_UNUSED_FUNCTION = YES;
				GCC_WARN_UNUSED_VARIABLE = YES;
				IPHONEOS_DEPLOYMENT_TARGET = 13.4;
				MTL_ENABLE_DEBUG_INFO = NO;
				MTL_FAST_MATH = YES;
				SDKROOT = iphoneos;
				SWIFT_COMPILATION_MODE = wholemodule;
				SWIFT_OPTIMIZATION_LEVEL = "-O";
				VALIDATE_PRODUCT = YES;
			};
			name = Release;
		};
		74880D882449083200A9D676 /* Debug */ = {
			isa = XCBuildConfiguration;
			baseConfigurationReference = DC4EFE8F173F45F0F2D58EC9 /* Pods-XMTest.debug.xcconfig */;
			buildSettings = {
				ASSETCATALOG_COMPILER_APPICON_NAME = AppIcon;
				CODE_SIGN_STYLE = Automatic;
				DEVELOPMENT_TEAM = KFKA7LMAN6;
				INFOPLIST_FILE = XMTest/Info.plist;
				LD_RUNPATH_SEARCH_PATHS = (
					"$(inherited)",
					"@executable_path/Frameworks",
				);
				PRODUCT_BUNDLE_IDENTIFIER = com.luacheia.XMTest;
				PRODUCT_NAME = "$(TARGET_NAME)";
				SWIFT_VERSION = 5.0;
				TARGETED_DEVICE_FAMILY = "1,2";
			};
			name = Debug;
		};
		74880D892449083200A9D676 /* Release */ = {
			isa = XCBuildConfiguration;
			baseConfigurationReference = 41868DDB54AAA2BAC11395DB /* Pods-XMTest.release.xcconfig */;
			buildSettings = {
				ASSETCATALOG_COMPILER_APPICON_NAME = AppIcon;
				CODE_SIGN_STYLE = Automatic;
				DEVELOPMENT_TEAM = KFKA7LMAN6;
				INFOPLIST_FILE = XMTest/Info.plist;
				LD_RUNPATH_SEARCH_PATHS = (
					"$(inherited)",
					"@executable_path/Frameworks",
				);
				PRODUCT_BUNDLE_IDENTIFIER = com.luacheia.XMTest;
				PRODUCT_NAME = "$(TARGET_NAME)";
				SWIFT_VERSION = 5.0;
				TARGETED_DEVICE_FAMILY = "1,2";
			};
			name = Release;
		};
		74880D8B2449083200A9D676 /* Debug */ = {
			isa = XCBuildConfiguration;
			baseConfigurationReference = 12DC2F5DD0B344714F9A439D /* Pods-XMTestTests.debug.xcconfig */;
			buildSettings = {
				ALWAYS_EMBED_SWIFT_STANDARD_LIBRARIES = "$(inherited)";
				BUNDLE_LOADER = "$(BUILT_PRODUCTS_DIR)/XMTest.app/XMTest";
				CODE_SIGN_STYLE = Automatic;
				DEVELOPMENT_TEAM = KFKA7LMAN6;
				INFOPLIST_FILE = XMTestTests/Info.plist;
				IPHONEOS_DEPLOYMENT_TARGET = 13.4;
				LD_RUNPATH_SEARCH_PATHS = (
					"$(inherited)",
					"@executable_path/Frameworks",
					"@loader_path/Frameworks",
				);
				PRODUCT_BUNDLE_IDENTIFIER = com.luacheia.XMTestTests;
				PRODUCT_NAME = "$(TARGET_NAME)";
				SWIFT_VERSION = 5.0;
				TARGETED_DEVICE_FAMILY = "1,2";
				TEST_HOST = "$(BUILT_PRODUCTS_DIR)/XMTest.app/XMTest";
			};
			name = Debug;
		};
		74880D8C2449083200A9D676 /* Release */ = {
			isa = XCBuildConfiguration;
			baseConfigurationReference = 97AFDE1174D44EEC4D980023 /* Pods-XMTestTests.release.xcconfig */;
			buildSettings = {
				ALWAYS_EMBED_SWIFT_STANDARD_LIBRARIES = "$(inherited)";
				BUNDLE_LOADER = "$(BUILT_PRODUCTS_DIR)/XMTest.app/XMTest";
				CODE_SIGN_STYLE = Automatic;
				DEVELOPMENT_TEAM = KFKA7LMAN6;
				INFOPLIST_FILE = XMTestTests/Info.plist;
				IPHONEOS_DEPLOYMENT_TARGET = 13.4;
				LD_RUNPATH_SEARCH_PATHS = (
					"$(inherited)",
					"@executable_path/Frameworks",
					"@loader_path/Frameworks",
				);
				PRODUCT_BUNDLE_IDENTIFIER = com.luacheia.XMTestTests;
				PRODUCT_NAME = "$(TARGET_NAME)";
				SWIFT_VERSION = 5.0;
				TARGETED_DEVICE_FAMILY = "1,2";
				TEST_HOST = "$(BUILT_PRODUCTS_DIR)/XMTest.app/XMTest";
			};
			name = Release;
		};
/* End XCBuildConfiguration section */

/* Begin XCConfigurationList section */
		74880D632449083200A9D676 /* Build configuration list for PBXProject "XMTest" */ = {
			isa = XCConfigurationList;
			buildConfigurations = (
				74880D852449083200A9D676 /* Debug */,
				74880D862449083200A9D676 /* Release */,
			);
			defaultConfigurationIsVisible = 0;
			defaultConfigurationName = Release;
		};
		74880D872449083200A9D676 /* Build configuration list for PBXNativeTarget "XMTest" */ = {
			isa = XCConfigurationList;
			buildConfigurations = (
				74880D882449083200A9D676 /* Debug */,
				74880D892449083200A9D676 /* Release */,
			);
			defaultConfigurationIsVisible = 0;
			defaultConfigurationName = Release;
		};
		74880D8A2449083200A9D676 /* Build configuration list for PBXNativeTarget "XMTestTests" */ = {
			isa = XCConfigurationList;
			buildConfigurations = (
				74880D8B2449083200A9D676 /* Debug */,
				74880D8C2449083200A9D676 /* Release */,
			);
			defaultConfigurationIsVisible = 0;
			defaultConfigurationName = Release;
		};
/* End XCConfigurationList section */
	};
	rootObject = 74880D602449083200A9D676 /* Project object */;
}
